
Microsoft Visual Studio Solution File, Format Version 12.00
# Visual Studio 2013
VisualStudioVersion = 12.0.21005.1
MinimumVisualStudioVersion = 10.0.40219.1
Project("{8BC9CEB8-8B4A-11D0-8D11-00A0C91BC942}") = "ConsoleApplication8", "ConsoleApplication8\ConsoleApplication8.vcxproj", "{DF5B479A-395B-4A7D-B6A6-40566422FC89}"
EndProject
Project("{8BC9CEB8-8B4A-11D0-8D11-00A0C91BC942}") = "ascii", "ascii\ascii.vcxproj", "{789CACF0-A81D-445A-9654-35E79E271ECE}"
EndProject
Global
	GlobalSection(SolutionConfigurationPlatforms) = preSolution
		Debug|Win32 = Debug|Win32
		Release|Win32 = Release|Win32
	EndGlobalSection
	GlobalSection(ProjectConfigurationPlatforms) = postSolution
		{DF5B479A-395B-4A7D-B6A6-40566422FC89}.Debug|Win32.ActiveCfg = Debug|Win32
		{DF5B479A-395B-4A7D-B6A6-40566422FC89}.Debug|Win32.Build.0 = Debug|Win32
		{DF5B479A-395B-4A7D-B6A6-40566422FC89}.Release|Win32.ActiveCfg = Release|Win32
		{DF5B479A-395B-4A7D-B6A6-40566422FC89}.Release|Win32.Build.0 = Release|Win32
		{789CACF0-A81D-445A-9654-35E79E271ECE}.Debug|Win32.ActiveCfg = Debug|Win32
		{789CACF0-A81D-445A-9654-35E79E271ECE}.Debug|Win32.Build.0 = Debug|Win32
		{789CACF0-A81D-445A-9654-35E79E271ECE}.Release|Win32.ActiveCfg = Release|Win32
		{789CACF0-A81D-445A-9654-35E79E271ECE}.Release|Win32.Build.0 = Release|Win32
	EndGlobalSection
	GlobalSection(SolutionProperties) = preSolution
		HideSolutionNode = FALSE
	EndGlobalSection
EndGlobal
